
Microsoft Visual Studio Solution File, Format Version 12.00
# Visual Studio Version 17
VisualStudioVersion = 17.9.34902.65
MinimumVisualStudioVersion = 10.0.40219.1
Project("{FAE04EC0-301F-11D3-BF4B-00C04F79EFBC}") = "Ticket Price Calculator", "Ticket Price Calculator\Ticket Price Calculator.csproj", "{3E6440B3-59F7-4D6C-81AB-96FF72FC3430}"
EndProject
Global
	GlobalSection(SolutionConfigurationPlatforms) = preSolution
		Debug|Any CPU = Debug|Any CPU
		Release|Any CPU = Release|Any CPU
	EndGlobalSection
	GlobalSection(ProjectConfigurationPlatforms) = postSolution
		{3E6440B3-59F7-4D6C-81AB-96FF72FC3430}.Debug|Any CPU.ActiveCfg = Debug|Any CPU
		{3E6440B3-59F7-4D6C-81AB-96FF72FC3430}.Debug|Any CPU.Build.0 = Debug|Any CPU
		{3E6440B3-59F7-4D6C-81AB-96FF72FC3430}.Release|Any CPU.ActiveCfg = Release|Any CPU
		{3E6440B3-59F7-4D6C-81AB-96FF72FC3430}.Release|Any CPU.Build.0 = Release|Any CPU
	EndGlobalSection
	GlobalSection(SolutionProperties) = preSolution
		HideSolutionNode = FALSE
	EndGlobalSection
	GlobalSection(ExtensibilityGlobals) = postSolution
		SolutionGuid = {6CF02FFE-1414-49B9-86B1-F371F9241DFB}
	EndGlobalSection
EndGlobal
